
Microsoft Visual Studio Solution File, Format Version 12.00
# Visual Studio Version 17
VisualStudioVersion = 17.14.36616.10 d17.14
MinimumVisualStudioVersion = 10.0.40219.1
Project("{FAE04EC0-301F-11D3-BF4B-00C04F79EFBC}") = "Creational", "Creational\Creational.csproj", "{ACBEF179-E01F-4880-9761-C3BB84536803}"
EndProject
Global
	GlobalSection(SolutionConfigurationPlatforms) = preSolution
		Debug|Any CPU = Debug|Any CPU
		Release|Any CPU = Release|Any CPU
	EndGlobalSection
	GlobalSection(ProjectConfigurationPlatforms) = postSolution
		{ACBEF179-E01F-4880-9761-C3BB84536803}.Debug|Any CPU.ActiveCfg = Debug|Any CPU
		{ACBEF179-E01F-4880-9761-C3BB84536803}.Debug|Any CPU.Build.0 = Debug|Any CPU
		{ACBEF179-E01F-4880-9761-C3BB84536803}.Release|Any CPU.ActiveCfg = Release|Any CPU
		{ACBEF179-E01F-4880-9761-C3BB84536803}.Release|Any CPU.Build.0 = Release|Any CPU
	EndGlobalSection
	GlobalSection(SolutionProperties) = preSolution
		HideSolutionNode = FALSE
	EndGlobalSection
	GlobalSection(ExtensibilityGlobals) = postSolution
		SolutionGuid = {E18C82AD-0AD0-4E66-9FAD-953EA26E7BE2}
	EndGlobalSection
EndGlobal
